
Microsoft Visual Studio Solution File, Format Version 12.00
# Visual Studio Version 16
VisualStudioVersion = 16.0.31729.503
MinimumVisualStudioVersion = 10.0.40219.1
Project("{9A19103F-16F7-4668-BE54-9A1E7A4F7556}") = "CrystalMind", "CrystalMind\CrystalMind.csproj", "{45D2B535-2583-4A52-8615-218DD44DD60C}"
EndProject
Project("{FAE04EC0-301F-11D3-BF4B-00C04F79EFBC}") = "API", "API\API.csproj", "{BE5C44D0-9814-4128-9918-DFB4F487FBDD}"
EndProject
Global
	GlobalSection(SolutionConfigurationPlatforms) = preSolution
		Debug|Any CPU = Debug|Any CPU
		Release|Any CPU = Release|Any CPU
	EndGlobalSection
	GlobalSection(ProjectConfigurationPlatforms) = postSolution
		{45D2B535-2583-4A52-8615-218DD44DD60C}.Debug|Any CPU.ActiveCfg = Debug|Any CPU
		{45D2B535-2583-4A52-8615-218DD44DD60C}.Debug|Any CPU.Build.0 = Debug|Any CPU
		{45D2B535-2583-4A52-8615-218DD44DD60C}.Release|Any CPU.ActiveCfg = Release|Any CPU
		{45D2B535-2583-4A52-8615-218DD44DD60C}.Release|Any CPU.Build.0 = Release|Any CPU
		{BE5C44D0-9814-4128-9918-DFB4F487FBDD}.Debug|Any CPU.ActiveCfg = Debug|Any CPU
		{BE5C44D0-9814-4128-9918-DFB4F487FBDD}.Debug|Any CPU.Build.0 = Debug|Any CPU
		{BE5C44D0-9814-4128-9918-DFB4F487FBDD}.Release|Any CPU.ActiveCfg = Release|Any CPU
		{BE5C44D0-9814-4128-9918-DFB4F487FBDD}.Release|Any CPU.Build.0 = Release|Any CPU
	EndGlobalSection
	GlobalSection(SolutionProperties) = preSolution
		HideSolutionNode = FALSE
	EndGlobalSection
	GlobalSection(ExtensibilityGlobals) = postSolution
		SolutionGuid = {DD1839CA-9B63-42B7-9866-5C6B3EB6B562}
	EndGlobalSection
EndGlobal
